
Microsoft Visual Studio Solution File, Format Version 12.00
# Visual Studio Version 16
VisualStudioVersion = 16.0.30523.141
MinimumVisualStudioVersion = 10.0.40219.1
Project("{FAE04EC0-301F-11D3-BF4B-00C04F79EFBC}") = "DarkWoods", "DarkWoods\DarkWoods.csproj", "{72FED8D8-935B-4505-8800-B298516881F8}"
EndProject
Global
	GlobalSection(SolutionConfigurationPlatforms) = preSolution
		Debug|Any CPU = Debug|Any CPU
		Release|Any CPU = Release|Any CPU
	EndGlobalSection
	GlobalSection(ProjectConfigurationPlatforms) = postSolution
		{72FED8D8-935B-4505-8800-B298516881F8}.Debug|Any CPU.ActiveCfg = Debug|Any CPU
		{72FED8D8-935B-4505-8800-B298516881F8}.Debug|Any CPU.Build.0 = Debug|Any CPU
		{72FED8D8-935B-4505-8800-B298516881F8}.Release|Any CPU.ActiveCfg = Release|Any CPU
		{72FED8D8-935B-4505-8800-B298516881F8}.Release|Any CPU.Build.0 = Release|Any CPU
	EndGlobalSection
	GlobalSection(SolutionProperties) = preSolution
		HideSolutionNode = FALSE
	EndGlobalSection
	GlobalSection(ExtensibilityGlobals) = postSolution
		SolutionGuid = {6F02B020-9963-46E5-B413-35D68539A8D3}
	EndGlobalSection
EndGlobal
